
Microsoft Visual Studio Solution File, Format Version 12.00
# Visual Studio Version 17
VisualStudioVersion = 17.11.35303.130
MinimumVisualStudioVersion = 10.0.40219.1
Project("{FAE04EC0-301F-11D3-BF4B-00C04F79EFBC}") = "RestFulAPI.API", "RestFulAPI.API\RestFulAPI.API.csproj", "{51455F1B-CC86-4297-BB45-926E43EB130B}"
EndProject
Project("{FAE04EC0-301F-11D3-BF4B-00C04F79EFBC}") = "RestFulAPI.Core", "RestFulAPI.Core\RestFulAPI.Core.csproj", "{6CA2BD29-8955-45EF-94D0-8B712A21FC10}"
EndProject
Project("{FAE04EC0-301F-11D3-BF4B-00C04F79EFBC}") = "RestFulAPI.Application", "RestFulAPI.Application\RestFulAPI.Application.csproj", "{262EEA20-5C1D-435E-A221-303270CE99C5}"
EndProject
Project("{FAE04EC0-301F-11D3-BF4B-00C04F79EFBC}") = "RestFulAPI.DataAccess", "RestFulAPI.DataAccess\RestFulAPI.DataAccess.csproj", "{AEE736F5-8A00-42F0-8269-9C23DCC1C5A3}"
EndProject
Project("{FAE04EC0-301F-11D3-BF4B-00C04F79EFBC}") = "RentProjectTests", "RentProjectTests\RentProjectTests.csproj", "{7DEBD294-8F82-44E2-90E7-A3CACA5B724C}"
EndProject
Global
	GlobalSection(SolutionConfigurationPlatforms) = preSolution
		Debug|Any CPU = Debug|Any CPU
		Release|Any CPU = Release|Any CPU
	EndGlobalSection
	GlobalSection(ProjectConfigurationPlatforms) = postSolution
		{51455F1B-CC86-4297-BB45-926E43EB130B}.Debug|Any CPU.ActiveCfg = Debug|Any CPU
		{51455F1B-CC86-4297-BB45-926E43EB130B}.Debug|Any CPU.Build.0 = Debug|Any CPU
		{51455F1B-CC86-4297-BB45-926E43EB130B}.Release|Any CPU.ActiveCfg = Release|Any CPU
		{51455F1B-CC86-4297-BB45-926E43EB130B}.Release|Any CPU.Build.0 = Release|Any CPU
		{6CA2BD29-8955-45EF-94D0-8B712A21FC10}.Debug|Any CPU.ActiveCfg = Debug|Any CPU
		{6CA2BD29-8955-45EF-94D0-8B712A21FC10}.Debug|Any CPU.Build.0 = Debug|Any CPU
		{6CA2BD29-8955-45EF-94D0-8B712A21FC10}.Release|Any CPU.ActiveCfg = Release|Any CPU
		{6CA2BD29-8955-45EF-94D0-8B712A21FC10}.Release|Any CPU.Build.0 = Release|Any CPU
		{262EEA20-5C1D-435E-A221-303270CE99C5}.Debug|Any CPU.ActiveCfg = Debug|Any CPU
		{262EEA20-5C1D-435E-A221-303270CE99C5}.Debug|Any CPU.Build.0 = Debug|Any CPU
		{262EEA20-5C1D-435E-A221-303270CE99C5}.Release|Any CPU.ActiveCfg = Release|Any CPU
		{262EEA20-5C1D-435E-A221-303270CE99C5}.Release|Any CPU.Build.0 = Release|Any CPU
		{AEE736F5-8A00-42F0-8269-9C23DCC1C5A3}.Debug|Any CPU.ActiveCfg = Debug|Any CPU
		{AEE736F5-8A00-42F0-8269-9C23DCC1C5A3}.Debug|Any CPU.Build.0 = Debug|Any CPU
		{AEE736F5-8A00-42F0-8269-9C23DCC1C5A3}.Release|Any CPU.ActiveCfg = Release|Any CPU
		{AEE736F5-8A00-42F0-8269-9C23DCC1C5A3}.Release|Any CPU.Build.0 = Release|Any CPU
		{7DEBD294-8F82-44E2-90E7-A3CACA5B724C}.Debug|Any CPU.ActiveCfg = Debug|Any CPU
		{7DEBD294-8F82-44E2-90E7-A3CACA5B724C}.Debug|Any CPU.Build.0 = Debug|Any CPU
		{7DEBD294-8F82-44E2-90E7-A3CACA5B724C}.Release|Any CPU.ActiveCfg = Release|Any CPU
		{7DEBD294-8F82-44E2-90E7-A3CACA5B724C}.Release|Any CPU.Build.0 = Release|Any CPU
	EndGlobalSection
	GlobalSection(SolutionProperties) = preSolution
		HideSolutionNode = FALSE
	EndGlobalSection
	GlobalSection(ExtensibilityGlobals) = postSolution
		SolutionGuid = {6E61ECF3-2E9F-4502-BE72-06E83AB65A1D}
	EndGlobalSection
EndGlobal
